// !$*UTF8*$!
{
	archiveVersion = 1;
	classes = {
	};
	objectVersion = 56;
	objects = {

/* Begin PBXBuildFile section */
		449EAB242A3B5CFA00571E8E /* LetsCookApp.swift in Sources */ = {isa = PBXBuildFile; fileRef = 449EAB232A3B5CFA00571E8E /* LetsCookApp.swift */; };
		449EAB262A3B5CFA00571E8E /* ContentView.swift in Sources */ = {isa = PBXBuildFile; fileRef = 449EAB252A3B5CFA00571E8E /* ContentView.swift */; };
		449EAB282A3B5CFC00571E8E /* Assets.xcassets in Resources */ = {isa = PBXBuildFile; fileRef = 449EAB272A3B5CFC00571E8E /* Assets.xcassets */; };
		449EAB2B2A3B5CFC00571E8E /* Preview Assets.xcassets in Resources */ = {isa = PBXBuildFile; fileRef = 449EAB2A2A3B5CFC00571E8E /* Preview Assets.xcassets */; };
		449EAB4B2A3B603A00571E8E /* RecipeSearching.h in Headers */ = {isa = PBXBuildFile; fileRef = 449EAB4A2A3B603A00571E8E /* RecipeSearching.h */; settings = {ATTRIBUTES = (Public, ); }; };
		449EAB4E2A3B603A00571E8E /* RecipeSearching.framework in Frameworks */ = {isa = PBXBuildFile; fileRef = 449EAB482A3B603A00571E8E /* RecipeSearching.framework */; };
		449EAB4F2A3B603A00571E8E /* RecipeSearching.framework in Embed Frameworks */ = {isa = PBXBuildFile; fileRef = 449EAB482A3B603A00571E8E /* RecipeSearching.framework */; settings = {ATTRIBUTES = (CodeSignOnCopy, RemoveHeadersOnCopy, ); }; };
		449EAB562A3B604E00571E8E /* SwiftUI.framework in Frameworks */ = {isa = PBXBuildFile; fileRef = 449EAB552A3B604E00571E8E /* SwiftUI.framework */; };
		449EAB6F2A3B634100571E8E /* SharedUI.h in Headers */ = {isa = PBXBuildFile; fileRef = 449EAB6E2A3B634100571E8E /* SharedUI.h */; settings = {ATTRIBUTES = (Public, ); }; };
		449EAB722A3B634100571E8E /* SharedUI.framework in Frameworks */ = {isa = PBXBuildFile; fileRef = 449EAB6C2A3B634000571E8E /* SharedUI.framework */; };
		449EAB732A3B634100571E8E /* SharedUI.framework in Embed Frameworks */ = {isa = PBXBuildFile; fileRef = 449EAB6C2A3B634000571E8E /* SharedUI.framework */; settings = {ATTRIBUTES = (CodeSignOnCopy, RemoveHeadersOnCopy, ); }; };
		449EAB7F2A3B635000571E8E /* SharedNetwork.h in Headers */ = {isa = PBXBuildFile; fileRef = 449EAB7E2A3B635000571E8E /* SharedNetwork.h */; settings = {ATTRIBUTES = (Public, ); }; };
		449EAB832A3B635A00571E8E /* SharedNetwork.framework in Frameworks */ = {isa = PBXBuildFile; fileRef = 449EAB7C2A3B635000571E8E /* SharedNetwork.framework */; };
		449EAB842A3B635A00571E8E /* SharedNetwork.framework in Embed Frameworks */ = {isa = PBXBuildFile; fileRef = 449EAB7C2A3B635000571E8E /* SharedNetwork.framework */; settings = {ATTRIBUTES = (CodeSignOnCopy, RemoveHeadersOnCopy, ); }; };
		449EAB872A3B635A00571E8E /* SharedUI.framework in Frameworks */ = {isa = PBXBuildFile; fileRef = 449EAB6C2A3B634000571E8E /* SharedUI.framework */; };
		449EAB882A3B635A00571E8E /* SharedUI.framework in Embed Frameworks */ = {isa = PBXBuildFile; fileRef = 449EAB6C2A3B634000571E8E /* SharedUI.framework */; settings = {ATTRIBUTES = (CodeSignOnCopy, RemoveHeadersOnCopy, ); }; };
		449EAB9B2A3D587500571E8E /* RecipeSearchingView.swift in Sources */ = {isa = PBXBuildFile; fileRef = 449EAB9A2A3D587500571E8E /* RecipeSearchingView.swift */; };
		449EAB9E2A3D5AC500571E8E /* RecipeSearchingView.ViewModel.swift in Sources */ = {isa = PBXBuildFile; fileRef = 449EAB9D2A3D5AC500571E8E /* RecipeSearchingView.ViewModel.swift */; };
		449EABA12A3D5E4F00571E8E /* Dependencies in Frameworks */ = {isa = PBXBuildFile; productRef = 449EABA02A3D5E4F00571E8E /* Dependencies */; };
		449EABA32A3D5E8B00571E8E /* Dependencies in Frameworks */ = {isa = PBXBuildFile; productRef = 449EABA22A3D5E8B00571E8E /* Dependencies */; };
		449EABAC2A3D5EAC00571E8E /* RecipeSearching.framework in Frameworks */ = {isa = PBXBuildFile; fileRef = 449EAB482A3B603A00571E8E /* RecipeSearching.framework */; };
		449EABB92A3D61E700571E8E /* RecipeSearchingView_ViewModelTest.swift in Sources */ = {isa = PBXBuildFile; fileRef = 449EABB82A3D61E700571E8E /* RecipeSearchingView_ViewModelTest.swift */; };
		449EABBD2A4205E400571E8E /* RecipeFiltering.swift in Sources */ = {isa = PBXBuildFile; fileRef = 449EABBC2A4205E300571E8E /* RecipeFiltering.swift */; };
		449EABC12A42062400571E8E /* RecipeFilteringTest.swift in Sources */ = {isa = PBXBuildFile; fileRef = 449EABC02A42062400571E8E /* RecipeFilteringTest.swift */; };
		449EABC52A42087B00571E8E /* Recipe.swift in Sources */ = {isa = PBXBuildFile; fileRef = 449EABC42A42087B00571E8E /* Recipe.swift */; };
		449EABCA2A42305400571E8E /* RecipeFetcherClient.swift in Sources */ = {isa = PBXBuildFile; fileRef = 449EABC92A42305400571E8E /* RecipeFetcherClient.swift */; };
		449EABCE2A42685B00571E8E /* PreviewRecipeFetcher.swift in Sources */ = {isa = PBXBuildFile; fileRef = 449EABCD2A42685B00571E8E /* PreviewRecipeFetcher.swift */; };
		449EABDB2A429D0400571E8E /* recipes.json in Resources */ = {isa = PBXBuildFile; fileRef = 449EABDA2A429D0300571E8E /* recipes.json */; };
		449EABE12A42A19D00571E8E /* JSONReader.swift in Sources */ = {isa = PBXBuildFile; fileRef = 449EABD72A4294C900571E8E /* JSONReader.swift */; };
/* End PBXBuildFile section */

/* Begin PBXContainerItemProxy section */
		449EAB4C2A3B603A00571E8E /* PBXContainerItemProxy */ = {
			isa = PBXContainerItemProxy;
			containerPortal = 449EAB182A3B5CFA00571E8E /* Project object */;
			proxyType = 1;
			remoteGlobalIDString = 449EAB472A3B603A00571E8E;
			remoteInfo = RecipeSearching;
		};
		449EAB702A3B634100571E8E /* PBXContainerItemProxy */ = {
			isa = PBXContainerItemProxy;
			containerPortal = 449EAB182A3B5CFA00571E8E /* Project object */;
			proxyType = 1;
			remoteGlobalIDString = 449EAB6B2A3B634000571E8E;
			remoteInfo = SharedUI;
		};
		449EAB852A3B635A00571E8E /* PBXContainerItemProxy */ = {
			isa = PBXContainerItemProxy;
			containerPortal = 449EAB182A3B5CFA00571E8E /* Project object */;
			proxyType = 1;
			remoteGlobalIDString = 449EAB7B2A3B635000571E8E;
			remoteInfo = SharedNetwork;
		};
		449EAB892A3B635A00571E8E /* PBXContainerItemProxy */ = {
			isa = PBXContainerItemProxy;
			containerPortal = 449EAB182A3B5CFA00571E8E /* Project object */;
			proxyType = 1;
			remoteGlobalIDString = 449EAB6B2A3B634000571E8E;
			remoteInfo = SharedUI;
		};
		449EABAD2A3D5EAC00571E8E /* PBXContainerItemProxy */ = {
			isa = PBXContainerItemProxy;
			containerPortal = 449EAB182A3B5CFA00571E8E /* Project object */;
			proxyType = 1;
			remoteGlobalIDString = 449EAB472A3B603A00571E8E;
			remoteInfo = RecipeSearching;
		};
/* End PBXContainerItemProxy section */

/* Begin PBXCopyFilesBuildPhase section */
		449EAB532A3B603A00571E8E /* Embed Frameworks */ = {
			isa = PBXCopyFilesBuildPhase;
			buildActionMask = 2147483647;
			dstPath = "";
			dstSubfolderSpec = 10;
			files = (
				449EAB4F2A3B603A00571E8E /* RecipeSearching.framework in Embed Frameworks */,
				449EAB732A3B634100571E8E /* SharedUI.framework in Embed Frameworks */,
			);
			name = "Embed Frameworks";
			runOnlyForDeploymentPostprocessing = 0;
		};
		449EAB8B2A3B635A00571E8E /* Embed Frameworks */ = {
			isa = PBXCopyFilesBuildPhase;
			buildActionMask = 2147483647;
			dstPath = "";
			dstSubfolderSpec = 10;
			files = (
				449EAB842A3B635A00571E8E /* SharedNetwork.framework in Embed Frameworks */,
				449EAB882A3B635A00571E8E /* SharedUI.framework in Embed Frameworks */,
			);
			name = "Embed Frameworks";
			runOnlyForDeploymentPostprocessing = 0;
		};
/* End PBXCopyFilesBuildPhase section */

/* Begin PBXFileReference section */
		449EAB202A3B5CFA00571E8E /* LetsCook.app */ = {isa = PBXFileReference; explicitFileType = wrapper.application; includeInIndex = 0; path = LetsCook.app; sourceTree = BUILT_PRODUCTS_DIR; };
		449EAB232A3B5CFA00571E8E /* LetsCookApp.swift */ = {isa = PBXFileReference; lastKnownFileType = sourcecode.swift; path = LetsCookApp.swift; sourceTree = "<group>"; };
		449EAB252A3B5CFA00571E8E /* ContentView.swift */ = {isa = PBXFileReference; lastKnownFileType = sourcecode.swift; path = ContentView.swift; sourceTree = "<group>"; };
		449EAB272A3B5CFC00571E8E /* Assets.xcassets */ = {isa = PBXFileReference; lastKnownFileType = folder.assetcatalog; path = Assets.xcassets; sourceTree = "<group>"; };
		449EAB2A2A3B5CFC00571E8E /* Preview Assets.xcassets */ = {isa = PBXFileReference; lastKnownFileType = folder.assetcatalog; path = "Preview Assets.xcassets"; sourceTree = "<group>"; };
		449EAB482A3B603A00571E8E /* RecipeSearching.framework */ = {isa = PBXFileReference; explicitFileType = wrapper.framework; includeInIndex = 0; path = RecipeSearching.framework; sourceTree = BUILT_PRODUCTS_DIR; };
		449EAB4A2A3B603A00571E8E /* RecipeSearching.h */ = {isa = PBXFileReference; lastKnownFileType = sourcecode.c.h; path = RecipeSearching.h; sourceTree = "<group>"; };
		449EAB552A3B604E00571E8E /* SwiftUI.framework */ = {isa = PBXFileReference; lastKnownFileType = wrapper.framework; name = SwiftUI.framework; path = Platforms/MacOSX.platform/Developer/SDKs/MacOSX13.3.sdk/System/iOSSupport/System/Library/Frameworks/SwiftUI.framework; sourceTree = DEVELOPER_DIR; };
		449EAB6C2A3B634000571E8E /* SharedUI.framework */ = {isa = PBXFileReference; explicitFileType = wrapper.framework; includeInIndex = 0; path = SharedUI.framework; sourceTree = BUILT_PRODUCTS_DIR; };
		449EAB6E2A3B634100571E8E /* SharedUI.h */ = {isa = PBXFileReference; lastKnownFileType = sourcecode.c.h; path = SharedUI.h; sourceTree = "<group>"; };
		449EAB7C2A3B635000571E8E /* SharedNetwork.framework */ = {isa = PBXFileReference; explicitFileType = wrapper.framework; includeInIndex = 0; path = SharedNetwork.framework; sourceTree = BUILT_PRODUCTS_DIR; };
		449EAB7E2A3B635000571E8E /* SharedNetwork.h */ = {isa = PBXFileReference; lastKnownFileType = sourcecode.c.h; path = SharedNetwork.h; sourceTree = "<group>"; };
		449EAB9A2A3D587500571E8E /* RecipeSearchingView.swift */ = {isa = PBXFileReference; lastKnownFileType = sourcecode.swift; path = RecipeSearchingView.swift; sourceTree = "<group>"; };
		449EAB9D2A3D5AC500571E8E /* RecipeSearchingView.ViewModel.swift */ = {isa = PBXFileReference; lastKnownFileType = sourcecode.swift; path = RecipeSearchingView.ViewModel.swift; sourceTree = "<group>"; };
		449EABA82A3D5EAC00571E8E /* RecipeSearchingTests.xctest */ = {isa = PBXFileReference; explicitFileType = wrapper.cfbundle; includeInIndex = 0; path = RecipeSearchingTests.xctest; sourceTree = BUILT_PRODUCTS_DIR; };
		449EABB82A3D61E700571E8E /* RecipeSearchingView_ViewModelTest.swift */ = {isa = PBXFileReference; lastKnownFileType = sourcecode.swift; path = RecipeSearchingView_ViewModelTest.swift; sourceTree = "<group>"; };
		449EABBC2A4205E300571E8E /* RecipeFiltering.swift */ = {isa = PBXFileReference; lastKnownFileType = sourcecode.swift; path = RecipeFiltering.swift; sourceTree = "<group>"; };
		449EABC02A42062400571E8E /* RecipeFilteringTest.swift */ = {isa = PBXFileReference; lastKnownFileType = sourcecode.swift; path = RecipeFilteringTest.swift; sourceTree = "<group>"; };
		449EABC22A4207FC00571E8E /* RecipeSearchingTests-Bridging-Header.h */ = {isa = PBXFileReference; lastKnownFileType = sourcecode.c.h; path = "RecipeSearchingTests-Bridging-Header.h"; sourceTree = "<group>"; };
		449EABC42A42087B00571E8E /* Recipe.swift */ = {isa = PBXFileReference; lastKnownFileType = sourcecode.swift; path = Recipe.swift; sourceTree = "<group>"; };
		449EABC92A42305400571E8E /* RecipeFetcherClient.swift */ = {isa = PBXFileReference; lastKnownFileType = sourcecode.swift; path = RecipeFetcherClient.swift; sourceTree = "<group>"; };
		449EABCD2A42685B00571E8E /* PreviewRecipeFetcher.swift */ = {isa = PBXFileReference; lastKnownFileType = sourcecode.swift; path = PreviewRecipeFetcher.swift; sourceTree = "<group>"; };
		449EABD72A4294C900571E8E /* JSONReader.swift */ = {isa = PBXFileReference; lastKnownFileType = sourcecode.swift; path = JSONReader.swift; sourceTree = "<group>"; };
		449EABDA2A429D0300571E8E /* recipes.json */ = {isa = PBXFileReference; fileEncoding = 4; lastKnownFileType = text.json; path = recipes.json; sourceTree = "<group>"; };
/* End PBXFileReference section */

/* Begin PBXFrameworksBuildPhase section */
		449EAB1D2A3B5CFA00571E8E /* Frameworks */ = {
			isa = PBXFrameworksBuildPhase;
			buildActionMask = 2147483647;
			files = (
				449EABA12A3D5E4F00571E8E /* Dependencies in Frameworks */,
				449EAB4E2A3B603A00571E8E /* RecipeSearching.framework in Frameworks */,
				449EAB722A3B634100571E8E /* SharedUI.framework in Frameworks */,
			);
			runOnlyForDeploymentPostprocessing = 0;
		};
		449EAB452A3B603A00571E8E /* Frameworks */ = {
			isa = PBXFrameworksBuildPhase;
			buildActionMask = 2147483647;
			files = (
				449EAB872A3B635A00571E8E /* SharedUI.framework in Frameworks */,
				449EAB832A3B635A00571E8E /* SharedNetwork.framework in Frameworks */,
				449EAB562A3B604E00571E8E /* SwiftUI.framework in Frameworks */,
				449EABA32A3D5E8B00571E8E /* Dependencies in Frameworks */,
			);
			runOnlyForDeploymentPostprocessing = 0;
		};
		449EAB692A3B634000571E8E /* Frameworks */ = {
			isa = PBXFrameworksBuildPhase;
			buildActionMask = 2147483647;
			files = (
			);
			runOnlyForDeploymentPostprocessing = 0;
		};
		449EAB792A3B635000571E8E /* Frameworks */ = {
			isa = PBXFrameworksBuildPhase;
			buildActionMask = 2147483647;
			files = (
			);
			runOnlyForDeploymentPostprocessing = 0;
		};
		449EABA52A3D5EAC00571E8E /* Frameworks */ = {
			isa = PBXFrameworksBuildPhase;
			buildActionMask = 2147483647;
			files = (
				449EABAC2A3D5EAC00571E8E /* RecipeSearching.framework in Frameworks */,
			);
			runOnlyForDeploymentPostprocessing = 0;
		};
/* End PBXFrameworksBuildPhase section */

/* Begin PBXGroup section */
		449EAB172A3B5CFA00571E8E = {
			isa = PBXGroup;
			children = (
				449EAB222A3B5CFA00571E8E /* LetsCook */,
				449EAB492A3B603A00571E8E /* RecipeSearching */,
				449EAB6D2A3B634100571E8E /* SharedUI */,
				449EAB7D2A3B635000571E8E /* SharedNetwork */,
				449EAB212A3B5CFA00571E8E /* Products */,
				449EAB542A3B604E00571E8E /* Frameworks */,
			);
			sourceTree = "<group>";
		};
		449EAB212A3B5CFA00571E8E /* Products */ = {
			isa = PBXGroup;
			children = (
				449EAB202A3B5CFA00571E8E /* LetsCook.app */,
				449EAB482A3B603A00571E8E /* RecipeSearching.framework */,
				449EAB6C2A3B634000571E8E /* SharedUI.framework */,
				449EAB7C2A3B635000571E8E /* SharedNetwork.framework */,
				449EABA82A3D5EAC00571E8E /* RecipeSearchingTests.xctest */,
			);
			name = Products;
			sourceTree = "<group>";
		};
		449EAB222A3B5CFA00571E8E /* LetsCook */ = {
			isa = PBXGroup;
			children = (
				449EAB232A3B5CFA00571E8E /* LetsCookApp.swift */,
				449EAB252A3B5CFA00571E8E /* ContentView.swift */,
				449EAB272A3B5CFC00571E8E /* Assets.xcassets */,
				449EAB292A3B5CFC00571E8E /* Preview Content */,
			);
			path = LetsCook;
			sourceTree = "<group>";
		};
		449EAB292A3B5CFC00571E8E /* Preview Content */ = {
			isa = PBXGroup;
			children = (
				449EAB2A2A3B5CFC00571E8E /* Preview Assets.xcassets */,
			);
			path = "Preview Content";
			sourceTree = "<group>";
		};
		449EAB492A3B603A00571E8E /* RecipeSearching */ = {
			isa = PBXGroup;
			children = (
				449EABD62A427B6200571E8E /* Resources */,
				449EABA92A3D5EAC00571E8E /* RecipeSearchingTests */,
				449EAB8F2A3B674D00571E8E /* Sources */,
				449EAB4A2A3B603A00571E8E /* RecipeSearching.h */,
			);
			path = RecipeSearching;
			sourceTree = "<group>";
		};
		449EAB542A3B604E00571E8E /* Frameworks */ = {
			isa = PBXGroup;
			children = (
				449EAB552A3B604E00571E8E /* SwiftUI.framework */,
			);
			name = Frameworks;
			sourceTree = "<group>";
		};
		449EAB6D2A3B634100571E8E /* SharedUI */ = {
			isa = PBXGroup;
			children = (
				449EABE02A42A18F00571E8E /* Utilities */,
				449EAB6E2A3B634100571E8E /* SharedUI.h */,
			);
			path = SharedUI;
			sourceTree = "<group>";
		};
		449EAB7D2A3B635000571E8E /* SharedNetwork */ = {
			isa = PBXGroup;
			children = (
				449EAB7E2A3B635000571E8E /* SharedNetwork.h */,
			);
			path = SharedNetwork;
			sourceTree = "<group>";
		};
		449EAB8F2A3B674D00571E8E /* Sources */ = {
			isa = PBXGroup;
			children = (
				449EABCC2A42683F00571E8E /* Preview */,
				449EABC82A42304500571E8E /* Services */,
				449EABC32A42086600571E8E /* Models */,
				449EABBB2A42057C00571E8E /* Utilities */,
				449EAB9C2A3D5AB500571E8E /* ViewModels */,
				449EAB992A3D583900571E8E /* Screens */,
			);
			path = Sources;
			sourceTree = "<group>";
		};
		449EAB992A3D583900571E8E /* Screens */ = {
			isa = PBXGroup;
			children = (
				449EAB9A2A3D587500571E8E /* RecipeSearchingView.swift */,
			);
			path = Screens;
			sourceTree = "<group>";
		};
		449EAB9C2A3D5AB500571E8E /* ViewModels */ = {
			isa = PBXGroup;
			children = (
				449EAB9D2A3D5AC500571E8E /* RecipeSearchingView.ViewModel.swift */,
			);
			path = ViewModels;
			sourceTree = "<group>";
		};
		449EABA92A3D5EAC00571E8E /* RecipeSearchingTests */ = {
			isa = PBXGroup;
			children = (
				449EABBF2A4205F400571E8E /* ViewModels */,
				449EABBE2A4205EC00571E8E /* Utilties */,
				449EABC22A4207FC00571E8E /* RecipeSearchingTests-Bridging-Header.h */,
			);
			path = RecipeSearchingTests;
			sourceTree = "<group>";
		};
		449EABBB2A42057C00571E8E /* Utilities */ = {
			isa = PBXGroup;
			children = (
				449EABBC2A4205E300571E8E /* RecipeFiltering.swift */,
			);
			path = Utilities;
			sourceTree = "<group>";
		};
		449EABBE2A4205EC00571E8E /* Utilties */ = {
			isa = PBXGroup;
			children = (
				449EABC02A42062400571E8E /* RecipeFilteringTest.swift */,
			);
			path = Utilties;
			sourceTree = "<group>";
		};
		449EABBF2A4205F400571E8E /* ViewModels */ = {
			isa = PBXGroup;
			children = (
				449EABB82A3D61E700571E8E /* RecipeSearchingView_ViewModelTest.swift */,
			);
			path = ViewModels;
			sourceTree = "<group>";
		};
		449EABC32A42086600571E8E /* Models */ = {
			isa = PBXGroup;
			children = (
				449EABC42A42087B00571E8E /* Recipe.swift */,
			);
			path = Models;
			sourceTree = "<group>";
		};
		449EABC82A42304500571E8E /* Services */ = {
			isa = PBXGroup;
			children = (
				449EABC92A42305400571E8E /* RecipeFetcherClient.swift */,
			);
			path = Services;
			sourceTree = "<group>";
		};
		449EABCC2A42683F00571E8E /* Preview */ = {
			isa = PBXGroup;
			children = (
				449EABCD2A42685B00571E8E /* PreviewRecipeFetcher.swift */,
			);
			path = Preview;
			sourceTree = "<group>";
		};
		449EABD62A427B6200571E8E /* Resources */ = {
			isa = PBXGroup;
			children = (
				449EABDA2A429D0300571E8E /* recipes.json */,
			);
			path = Resources;
			sourceTree = "<group>";
		};
		449EABE02A42A18F00571E8E /* Utilities */ = {
			isa = PBXGroup;
			children = (
				449EABD72A4294C900571E8E /* JSONReader.swift */,
			);
			path = Utilities;
			sourceTree = "<group>";
		};
/* End PBXGroup section */

/* Begin PBXHeadersBuildPhase section */
		449EAB432A3B603A00571E8E /* Headers */ = {
			isa = PBXHeadersBuildPhase;
			buildActionMask = 2147483647;
			files = (
				449EAB4B2A3B603A00571E8E /* RecipeSearching.h in Headers */,
			);
			runOnlyForDeploymentPostprocessing = 0;
		};
		449EAB672A3B634000571E8E /* Headers */ = {
			isa = PBXHeadersBuildPhase;
			buildActionMask = 2147483647;
			files = (
				449EAB6F2A3B634100571E8E /* SharedUI.h in Headers */,
			);
			runOnlyForDeploymentPostprocessing = 0;
		};
		449EAB772A3B635000571E8E /* Headers */ = {
			isa = PBXHeadersBuildPhase;
			buildActionMask = 2147483647;
			files = (
				449EAB7F2A3B635000571E8E /* SharedNetwork.h in Headers */,
			);
			runOnlyForDeploymentPostprocessing = 0;
		};
/* End PBXHeadersBuildPhase section */

/* Begin PBXNativeTarget section */
		449EAB1F2A3B5CFA00571E8E /* LetsCook */ = {
			isa = PBXNativeTarget;
			buildConfigurationList = 449EAB2E2A3B5CFC00571E8E /* Build configuration list for PBXNativeTarget "LetsCook" */;
			buildPhases = (
				449EAB1C2A3B5CFA00571E8E /* Sources */,
				449EAB1D2A3B5CFA00571E8E /* Frameworks */,
				449EAB1E2A3B5CFA00571E8E /* Resources */,
				449EAB532A3B603A00571E8E /* Embed Frameworks */,
			);
			buildRules = (
			);
			dependencies = (
				449EAB4D2A3B603A00571E8E /* PBXTargetDependency */,
				449EAB712A3B634100571E8E /* PBXTargetDependency */,
			);
			name = LetsCook;
			packageProductDependencies = (
				449EABA02A3D5E4F00571E8E /* Dependencies */,
			);
			productName = LetsCook;
			productReference = 449EAB202A3B5CFA00571E8E /* LetsCook.app */;
			productType = "com.apple.product-type.application";
		};
		449EAB472A3B603A00571E8E /* RecipeSearching */ = {
			isa = PBXNativeTarget;
			buildConfigurationList = 449EAB502A3B603A00571E8E /* Build configuration list for PBXNativeTarget "RecipeSearching" */;
			buildPhases = (
				449EAB432A3B603A00571E8E /* Headers */,
				449EAB952A3D05AD00571E8E /* SwiftLint */,
				449EAB442A3B603A00571E8E /* Sources */,
				449EAB452A3B603A00571E8E /* Frameworks */,
				449EAB462A3B603A00571E8E /* Resources */,
				449EAB8B2A3B635A00571E8E /* Embed Frameworks */,
			);
			buildRules = (
			);
			dependencies = (
				449EAB862A3B635A00571E8E /* PBXTargetDependency */,
				449EAB8A2A3B635A00571E8E /* PBXTargetDependency */,
			);
			name = RecipeSearching;
			packageProductDependencies = (
				449EABA22A3D5E8B00571E8E /* Dependencies */,
			);
			productName = RecipeSearching;
			productReference = 449EAB482A3B603A00571E8E /* RecipeSearching.framework */;
			productType = "com.apple.product-type.framework";
		};
		449EAB6B2A3B634000571E8E /* SharedUI */ = {
			isa = PBXNativeTarget;
			buildConfigurationList = 449EAB742A3B634100571E8E /* Build configuration list for PBXNativeTarget "SharedUI" */;
			buildPhases = (
				449EAB672A3B634000571E8E /* Headers */,
				449EAB972A3D066700571E8E /* SwiftLint */,
				449EAB682A3B634000571E8E /* Sources */,
				449EAB692A3B634000571E8E /* Frameworks */,
				449EAB6A2A3B634000571E8E /* Resources */,
			);
			buildRules = (
			);
			dependencies = (
			);
			name = SharedUI;
			productName = SharedUI;
			productReference = 449EAB6C2A3B634000571E8E /* SharedUI.framework */;
			productType = "com.apple.product-type.framework";
		};
		449EAB7B2A3B635000571E8E /* SharedNetwork */ = {
			isa = PBXNativeTarget;
			buildConfigurationList = 449EAB802A3B635000571E8E /* Build configuration list for PBXNativeTarget "SharedNetwork" */;
			buildPhases = (
				449EAB772A3B635000571E8E /* Headers */,
				449EAB962A3D065500571E8E /* SwiftLint */,
				449EAB782A3B635000571E8E /* Sources */,
				449EAB792A3B635000571E8E /* Frameworks */,
				449EAB7A2A3B635000571E8E /* Resources */,
			);
			buildRules = (
			);
			dependencies = (
			);
			name = SharedNetwork;
			productName = SharedNetwork;
			productReference = 449EAB7C2A3B635000571E8E /* SharedNetwork.framework */;
			productType = "com.apple.product-type.framework";
		};
		449EABA72A3D5EAC00571E8E /* RecipeSearchingTests */ = {
			isa = PBXNativeTarget;
			buildConfigurationList = 449EABAF2A3D5EAC00571E8E /* Build configuration list for PBXNativeTarget "RecipeSearchingTests" */;
			buildPhases = (
				449EABA42A3D5EAC00571E8E /* Sources */,
				449EABA52A3D5EAC00571E8E /* Frameworks */,
				449EABA62A3D5EAC00571E8E /* Resources */,
			);
			buildRules = (
			);
			dependencies = (
				449EABAE2A3D5EAC00571E8E /* PBXTargetDependency */,
			);
			name = RecipeSearchingTests;
			productName = RecipeSearchingTests;
			productReference = 449EABA82A3D5EAC00571E8E /* RecipeSearchingTests.xctest */;
			productType = "com.apple.product-type.bundle.unit-test";
		};
/* End PBXNativeTarget section */

/* Begin PBXProject section */
		449EAB182A3B5CFA00571E8E /* Project object */ = {
			isa = PBXProject;
			attributes = {
				BuildIndependentTargetsInParallel = 1;
				LastSwiftUpdateCheck = 1430;
				LastUpgradeCheck = 1430;
				TargetAttributes = {
					449EAB1F2A3B5CFA00571E8E = {
						CreatedOnToolsVersion = 14.3.1;
					};
					449EAB472A3B603A00571E8E = {
						CreatedOnToolsVersion = 14.3.1;
						LastSwiftMigration = 1430;
					};
					449EAB6B2A3B634000571E8E = {
						CreatedOnToolsVersion = 14.3.1;
					};
					449EAB7B2A3B635000571E8E = {
						CreatedOnToolsVersion = 14.3.1;
					};
					449EABA72A3D5EAC00571E8E = {
						CreatedOnToolsVersion = 14.3.1;
						LastSwiftMigration = 1430;
					};
				};
			};
			buildConfigurationList = 449EAB1B2A3B5CFA00571E8E /* Build configuration list for PBXProject "LetsCook" */;
			compatibilityVersion = "Xcode 14.0";
			developmentRegion = en;
			hasScannedForEncodings = 0;
			knownRegions = (
				en,
				Base,
			);
			mainGroup = 449EAB172A3B5CFA00571E8E;
			packageReferences = (
				449EAB902A3D029300571E8E /* XCRemoteSwiftPackageReference "SwiftLint" */,
				449EAB9F2A3D5E4F00571E8E /* XCRemoteSwiftPackageReference "swift-dependencies" */,
			);
			productRefGroup = 449EAB212A3B5CFA00571E8E /* Products */;
			projectDirPath = "";
			projectRoot = "";
			targets = (
				449EAB1F2A3B5CFA00571E8E /* LetsCook */,
				449EAB472A3B603A00571E8E /* RecipeSearching */,
				449EAB6B2A3B634000571E8E /* SharedUI */,
				449EAB7B2A3B635000571E8E /* SharedNetwork */,
				449EABA72A3D5EAC00571E8E /* RecipeSearchingTests */,
			);
		};
/* End PBXProject section */

/* Begin PBXResourcesBuildPhase section */
		449EAB1E2A3B5CFA00571E8E /* Resources */ = {
			isa = PBXResourcesBuildPhase;
			buildActionMask = 2147483647;
			files = (
				449EAB2B2A3B5CFC00571E8E /* Preview Assets.xcassets in Resources */,
				449EAB282A3B5CFC00571E8E /* Assets.xcassets in Resources */,
			);
			runOnlyForDeploymentPostprocessing = 0;
		};
		449EAB462A3B603A00571E8E /* Resources */ = {
			isa = PBXResourcesBuildPhase;
			buildActionMask = 2147483647;
			files = (
				449EABDB2A429D0400571E8E /* recipes.json in Resources */,
			);
			runOnlyForDeploymentPostprocessing = 0;
		};
		449EAB6A2A3B634000571E8E /* Resources */ = {
			isa = PBXResourcesBuildPhase;
			buildActionMask = 2147483647;
			files = (
			);
			runOnlyForDeploymentPostprocessing = 0;
		};
		449EAB7A2A3B635000571E8E /* Resources */ = {
			isa = PBXResourcesBuildPhase;
			buildActionMask = 2147483647;
			files = (
			);
			runOnlyForDeploymentPostprocessing = 0;
		};
		449EABA62A3D5EAC00571E8E /* Resources */ = {
			isa = PBXResourcesBuildPhase;
			buildActionMask = 2147483647;
			files = (
			);
			runOnlyForDeploymentPostprocessing = 0;
		};
/* End PBXResourcesBuildPhase section */

/* Begin PBXShellScriptBuildPhase section */
		449EAB952A3D05AD00571E8E /* SwiftLint */ = {
			isa = PBXShellScriptBuildPhase;
			alwaysOutOfDate = 1;
			buildActionMask = 2147483647;
			files = (
			);
			inputFileListPaths = (
			);
			inputPaths = (
			);
			name = SwiftLint;
			outputFileListPaths = (
			);
			outputPaths = (
			);
			runOnlyForDeploymentPostprocessing = 0;
			shellPath = /bin/sh;
			shellScript = "if which swiftlint >/dev/null; then\n  swiftlint\nelse\n  echo \"warning: SwiftLint not installed, download from https://github.com/realm/SwiftLint\"\nfi\n";
		};
		449EAB962A3D065500571E8E /* SwiftLint */ = {
			isa = PBXShellScriptBuildPhase;
			alwaysOutOfDate = 1;
			buildActionMask = 2147483647;
			files = (
			);
			inputFileListPaths = (
			);
			inputPaths = (
			);
			name = SwiftLint;
			outputFileListPaths = (
			);
			outputPaths = (
			);
			runOnlyForDeploymentPostprocessing = 0;
			shellPath = /bin/sh;
			shellScript = "if which swiftlint >/dev/null; then\n  swiftlint\nelse\n  echo \"warning: SwiftLint not installed, download from https://github.com/realm/SwiftLint\"\nfi\n";
		};
		449EAB972A3D066700571E8E /* SwiftLint */ = {
			isa = PBXShellScriptBuildPhase;
			alwaysOutOfDate = 1;
			buildActionMask = 2147483647;
			files = (
			);
			inputFileListPaths = (
			);
			inputPaths = (
			);
			name = SwiftLint;
			outputFileListPaths = (
			);
			outputPaths = (
			);
			runOnlyForDeploymentPostprocessing = 0;
			shellPath = /bin/sh;
			shellScript = "if which swiftlint >/dev/null; then\n  swiftlint\nelse\n  echo \"warning: SwiftLint not installed, download from https://github.com/realm/SwiftLint\"\nfi\n";
		};
/* End PBXShellScriptBuildPhase section */

/* Begin PBXSourcesBuildPhase section */
		449EAB1C2A3B5CFA00571E8E /* Sources */ = {
			isa = PBXSourcesBuildPhase;
			buildActionMask = 2147483647;
			files = (
				449EAB262A3B5CFA00571E8E /* ContentView.swift in Sources */,
				449EAB242A3B5CFA00571E8E /* LetsCookApp.swift in Sources */,
			);
			runOnlyForDeploymentPostprocessing = 0;
		};
		449EAB442A3B603A00571E8E /* Sources */ = {
			isa = PBXSourcesBuildPhase;
			buildActionMask = 2147483647;
			files = (
				449EABBD2A4205E400571E8E /* RecipeFiltering.swift in Sources */,
				449EAB9B2A3D587500571E8E /* RecipeSearchingView.swift in Sources */,
				449EAB9E2A3D5AC500571E8E /* RecipeSearchingView.ViewModel.swift in Sources */,
				449EABCA2A42305400571E8E /* RecipeFetcherClient.swift in Sources */,
				449EABCE2A42685B00571E8E /* PreviewRecipeFetcher.swift in Sources */,
				449EABC52A42087B00571E8E /* Recipe.swift in Sources */,
			);
			runOnlyForDeploymentPostprocessing = 0;
		};
		449EAB682A3B634000571E8E /* Sources */ = {
			isa = PBXSourcesBuildPhase;
			buildActionMask = 2147483647;
			files = (
				449EABE12A42A19D00571E8E /* JSONReader.swift in Sources */,
			);
			runOnlyForDeploymentPostprocessing = 0;
		};
		449EAB782A3B635000571E8E /* Sources */ = {
			isa = PBXSourcesBuildPhase;
			buildActionMask = 2147483647;
			files = (
			);
			runOnlyForDeploymentPostprocessing = 0;
		};
		449EABA42A3D5EAC00571E8E /* Sources */ = {
			isa = PBXSourcesBuildPhase;
			buildActionMask = 2147483647;
			files = (
				449EABC12A42062400571E8E /* RecipeFilteringTest.swift in Sources */,
				449EABB92A3D61E700571E8E /* RecipeSearchingView_ViewModelTest.swift in Sources */,
			);
			runOnlyForDeploymentPostprocessing = 0;
		};
/* End PBXSourcesBuildPhase section */

/* Begin PBXTargetDependency section */
		449EAB4D2A3B603A00571E8E /* PBXTargetDependency */ = {
			isa = PBXTargetDependency;
			target = 449EAB472A3B603A00571E8E /* RecipeSearching */;
			targetProxy = 449EAB4C2A3B603A00571E8E /* PBXContainerItemProxy */;
		};
		449EAB712A3B634100571E8E /* PBXTargetDependency */ = {
			isa = PBXTargetDependency;
			target = 449EAB6B2A3B634000571E8E /* SharedUI */;
			targetProxy = 449EAB702A3B634100571E8E /* PBXContainerItemProxy */;
		};
		449EAB862A3B635A00571E8E /* PBXTargetDependency */ = {
			isa = PBXTargetDependency;
			target = 449EAB7B2A3B635000571E8E /* SharedNetwork */;
			targetProxy = 449EAB852A3B635A00571E8E /* PBXContainerItemProxy */;
		};
		449EAB8A2A3B635A00571E8E /* PBXTargetDependency */ = {
			isa = PBXTargetDependency;
			target = 449EAB6B2A3B634000571E8E /* SharedUI */;
			targetProxy = 449EAB892A3B635A00571E8E /* PBXContainerItemProxy */;
		};
		449EABAE2A3D5EAC00571E8E /* PBXTargetDependency */ = {
			isa = PBXTargetDependency;
			target = 449EAB472A3B603A00571E8E /* RecipeSearching */;
			targetProxy = 449EABAD2A3D5EAC00571E8E /* PBXContainerItemProxy */;
		};
/* End PBXTargetDependency section */

/* Begin XCBuildConfiguration section */
		449EAB2C2A3B5CFC00571E8E /* Debug */ = {
			isa = XCBuildConfiguration;
			buildSettings = {
				ALWAYS_SEARCH_USER_PATHS = NO;
				CLANG_ANALYZER_NONNULL = YES;
				CLANG_ANALYZER_NUMBER_OBJECT_CONVERSION = YES_AGGRESSIVE;
				CLANG_CXX_LANGUAGE_STANDARD = "gnu++20";
				CLANG_ENABLE_MODULES = YES;
				CLANG_ENABLE_OBJC_ARC = YES;
				CLANG_ENABLE_OBJC_WEAK = YES;
				CLANG_WARN_BLOCK_CAPTURE_AUTORELEASING = YES;
				CLANG_WARN_BOOL_CONVERSION = YES;
				CLANG_WARN_COMMA = YES;
				CLANG_WARN_CONSTANT_CONVERSION = YES;
				CLANG_WARN_DEPRECATED_OBJC_IMPLEMENTATIONS = YES;
				CLANG_WARN_DIRECT_OBJC_ISA_USAGE = YES_ERROR;
				CLANG_WARN_DOCUMENTATION_COMMENTS = YES;
				CLANG_WARN_EMPTY_BODY = YES;
				CLANG_WARN_ENUM_CONVERSION = YES;
				CLANG_WARN_INFINITE_RECURSION = YES;
				CLANG_WARN_INT_CONVERSION = YES;
				CLANG_WARN_NON_LITERAL_NULL_CONVERSION = YES;
				CLANG_WARN_OBJC_IMPLICIT_RETAIN_SELF = YES;
				CLANG_WARN_OBJC_LITERAL_CONVERSION = YES;
				CLANG_WARN_OBJC_ROOT_CLASS = YES_ERROR;
				CLANG_WARN_QUOTED_INCLUDE_IN_FRAMEWORK_HEADER = YES;
				CLANG_WARN_RANGE_LOOP_ANALYSIS = YES;
				CLANG_WARN_STRICT_PROTOTYPES = YES;
				CLANG_WARN_SUSPICIOUS_MOVE = YES;
				CLANG_WARN_UNGUARDED_AVAILABILITY = YES_AGGRESSIVE;
				CLANG_WARN_UNREACHABLE_CODE = YES;
				CLANG_WARN__DUPLICATE_METHOD_MATCH = YES;
				COPY_PHASE_STRIP = NO;
				DEBUG_INFORMATION_FORMAT = dwarf;
				ENABLE_STRICT_OBJC_MSGSEND = YES;
				ENABLE_TESTABILITY = YES;
				GCC_C_LANGUAGE_STANDARD = gnu11;
				GCC_DYNAMIC_NO_PIC = NO;
				GCC_NO_COMMON_BLOCKS = YES;
				GCC_OPTIMIZATION_LEVEL = 0;
				GCC_PREPROCESSOR_DEFINITIONS = (
					"DEBUG=1",
					"$(inherited)",
				);
				GCC_WARN_64_TO_32_BIT_CONVERSION = YES;
				GCC_WARN_ABOUT_RETURN_TYPE = YES_ERROR;
				GCC_WARN_UNDECLARED_SELECTOR = YES;
				GCC_WARN_UNINITIALIZED_AUTOS = YES_AGGRESSIVE;
				GCC_WARN_UNUSED_FUNCTION = YES;
				GCC_WARN_UNUSED_VARIABLE = YES;
				IPHONEOS_DEPLOYMENT_TARGET = 16.4;
				MTL_ENABLE_DEBUG_INFO = INCLUDE_SOURCE;
				MTL_FAST_MATH = YES;
				ONLY_ACTIVE_ARCH = YES;
				SDKROOT = iphoneos;
				SWIFT_ACTIVE_COMPILATION_CONDITIONS = DEBUG;
				SWIFT_OPTIMIZATION_LEVEL = "-Onone";
			};
			name = Debug;
		};
		449EAB2D2A3B5CFC00571E8E /* Release */ = {
			isa = XCBuildConfiguration;
			buildSettings = {
				ALWAYS_SEARCH_USER_PATHS = NO;
				CLANG_ANALYZER_NONNULL = YES;
				CLANG_ANALYZER_NUMBER_OBJECT_CONVERSION = YES_AGGRESSIVE;
				CLANG_CXX_LANGUAGE_STANDARD = "gnu++20";
				CLANG_ENABLE_MODULES = YES;
				CLANG_ENABLE_OBJC_ARC = YES;
				CLANG_ENABLE_OBJC_WEAK = YES;
				CLANG_WARN_BLOCK_CAPTURE_AUTORELEASING = YES;
				CLANG_WARN_BOOL_CONVERSION = YES;
				CLANG_WARN_COMMA = YES;
				CLANG_WARN_CONSTANT_CONVERSION = YES;
				CLANG_WARN_DEPRECATED_OBJC_IMPLEMENTATIONS = YES;
				CLANG_WARN_DIRECT_OBJC_ISA_USAGE = YES_ERROR;
				CLANG_WARN_DOCUMENTATION_COMMENTS = YES;
				CLANG_WARN_EMPTY_BODY = YES;
				CLANG_WARN_ENUM_CONVERSION = YES;
				CLANG_WARN_INFINITE_RECURSION = YES;
				CLANG_WARN_INT_CONVERSION = YES;
				CLANG_WARN_NON_LITERAL_NULL_CONVERSION = YES;
				CLANG_WARN_OBJC_IMPLICIT_RETAIN_SELF = YES;
				CLANG_WARN_OBJC_LITERAL_CONVERSION = YES;
				CLANG_WARN_OBJC_ROOT_CLASS = YES_ERROR;
				CLANG_WARN_QUOTED_INCLUDE_IN_FRAMEWORK_HEADER = YES;
				CLANG_WARN_RANGE_LOOP_ANALYSIS = YES;
				CLANG_WARN_STRICT_PROTOTYPES = YES;
				CLANG_WARN_SUSPICIOUS_MOVE = YES;
				CLANG_WARN_UNGUARDED_AVAILABILITY = YES_AGGRESSIVE;
				CLANG_WARN_UNREACHABLE_CODE = YES;
				CLANG_WARN__DUPLICATE_METHOD_MATCH = YES;
				COPY_PHASE_STRIP = NO;
				DEBUG_INFORMATION_FORMAT = "dwarf-with-dsym";
				ENABLE_NS_ASSERTIONS = NO;
				ENABLE_STRICT_OBJC_MSGSEND = YES;
				GCC_C_LANGUAGE_STANDARD = gnu11;
				GCC_NO_COMMON_BLOCKS = YES;
				GCC_WARN_64_TO_32_BIT_CONVERSION = YES;
				GCC_WARN_ABOUT_RETURN_TYPE = YES_ERROR;
				GCC_WARN_UNDECLARED_SELECTOR = YES;
				GCC_WARN_UNINITIALIZED_AUTOS = YES_AGGRESSIVE;
				GCC_WARN_UNUSED_FUNCTION = YES;
				GCC_WARN_UNUSED_VARIABLE = YES;
				IPHONEOS_DEPLOYMENT_TARGET = 16.4;
				MTL_ENABLE_DEBUG_INFO = NO;
				MTL_FAST_MATH = YES;
				SDKROOT = iphoneos;
				SWIFT_COMPILATION_MODE = wholemodule;
				SWIFT_OPTIMIZATION_LEVEL = "-O";
				VALIDATE_PRODUCT = YES;
			};
			name = Release;
		};
		449EAB2F2A3B5CFC00571E8E /* Debug */ = {
			isa = XCBuildConfiguration;
			buildSettings = {
				ALWAYS_EMBED_SWIFT_STANDARD_LIBRARIES = YES;
				ASSETCATALOG_COMPILER_APPICON_NAME = AppIcon;
				ASSETCATALOG_COMPILER_GLOBAL_ACCENT_COLOR_NAME = AccentColor;
				CODE_SIGN_STYLE = Automatic;
				CURRENT_PROJECT_VERSION = 1;
				DEVELOPMENT_ASSET_PATHS = "\"LetsCook/Preview Content\"";
				DEVELOPMENT_TEAM = 87TNJ5KVNP;
				ENABLE_PREVIEWS = YES;
				GENERATE_INFOPLIST_FILE = YES;
				INFOPLIST_KEY_UIApplicationSceneManifest_Generation = YES;
				INFOPLIST_KEY_UIApplicationSupportsIndirectInputEvents = YES;
				INFOPLIST_KEY_UILaunchScreen_Generation = YES;
				INFOPLIST_KEY_UISupportedInterfaceOrientations_iPad = "UIInterfaceOrientationPortrait UIInterfaceOrientationPortraitUpsideDown UIInterfaceOrientationLandscapeLeft UIInterfaceOrientationLandscapeRight";
				INFOPLIST_KEY_UISupportedInterfaceOrientations_iPhone = "UIInterfaceOrientationPortrait UIInterfaceOrientationLandscapeLeft UIInterfaceOrientationLandscapeRight";
				LD_RUNPATH_SEARCH_PATHS = (
					"$(inherited)",
					"@executable_path/Frameworks",
				);
				MARKETING_VERSION = 1.0;
				PRODUCT_BUNDLE_IDENTIFIER = com.luuvan.LetsCook;
				PRODUCT_NAME = "$(TARGET_NAME)";
				SWIFT_EMIT_LOC_STRINGS = YES;
				SWIFT_VERSION = 5.0;
				TARGETED_DEVICE_FAMILY = "1,2";
			};
			name = Debug;
		};
		449EAB302A3B5CFC00571E8E /* Release */ = {
			isa = XCBuildConfiguration;
			buildSettings = {
				ALWAYS_EMBED_SWIFT_STANDARD_LIBRARIES = YES;
				ASSETCATALOG_COMPILER_APPICON_NAME = AppIcon;
				ASSETCATALOG_COMPILER_GLOBAL_ACCENT_COLOR_NAME = AccentColor;
				CODE_SIGN_STYLE = Automatic;
				CURRENT_PROJECT_VERSION = 1;
				DEVELOPMENT_ASSET_PATHS = "\"LetsCook/Preview Content\"";
				DEVELOPMENT_TEAM = 87TNJ5KVNP;
				ENABLE_PREVIEWS = YES;
				GENERATE_INFOPLIST_FILE = YES;
				INFOPLIST_KEY_UIApplicationSceneManifest_Generation = YES;
				INFOPLIST_KEY_UIApplicationSupportsIndirectInputEvents = YES;
				INFOPLIST_KEY_UILaunchScreen_Generation = YES;
				INFOPLIST_KEY_UISupportedInterfaceOrientations_iPad = "UIInterfaceOrientationPortrait UIInterfaceOrientationPortraitUpsideDown UIInterfaceOrientationLandscapeLeft UIInterfaceOrientationLandscapeRight";
				INFOPLIST_KEY_UISupportedInterfaceOrientations_iPhone = "UIInterfaceOrientationPortrait UIInterfaceOrientationLandscapeLeft UIInterfaceOrientationLandscapeRight";
				LD_RUNPATH_SEARCH_PATHS = (
					"$(inherited)",
					"@executable_path/Frameworks",
				);
				MARKETING_VERSION = 1.0;
				PRODUCT_BUNDLE_IDENTIFIER = com.luuvan.LetsCook;
				PRODUCT_NAME = "$(TARGET_NAME)";
				SWIFT_EMIT_LOC_STRINGS = YES;
				SWIFT_VERSION = 5.0;
				TARGETED_DEVICE_FAMILY = "1,2";
			};
			name = Release;
		};
		449EAB512A3B603A00571E8E /* Debug */ = {
			isa = XCBuildConfiguration;
			buildSettings = {
				CLANG_ENABLE_MODULES = YES;
				CODE_SIGN_STYLE = Automatic;
				CURRENT_PROJECT_VERSION = 1;
				DEFINES_MODULE = YES;
				DEVELOPMENT_TEAM = 87TNJ5KVNP;
				DYLIB_COMPATIBILITY_VERSION = 1;
				DYLIB_CURRENT_VERSION = 1;
				DYLIB_INSTALL_NAME_BASE = "@rpath";
				ENABLE_MODULE_VERIFIER = YES;
				GENERATE_INFOPLIST_FILE = YES;
				INFOPLIST_KEY_NSHumanReadableCopyright = "";
				INSTALL_PATH = "$(LOCAL_LIBRARY_DIR)/Frameworks";
				LD_RUNPATH_SEARCH_PATHS = (
					"$(inherited)",
					"@executable_path/Frameworks",
					"@loader_path/Frameworks",
				);
				MARKETING_VERSION = 1.0;
				MODULE_VERIFIER_SUPPORTED_LANGUAGES = "objective-c objective-c++";
				MODULE_VERIFIER_SUPPORTED_LANGUAGE_STANDARDS = "gnu11 gnu++20";
				PRODUCT_BUNDLE_IDENTIFIER = com.luuvan.RecipeSearching;
				PRODUCT_NAME = "$(TARGET_NAME:c99extidentifier)";
				SKIP_INSTALL = YES;
				SWIFT_EMIT_LOC_STRINGS = YES;
				SWIFT_OPTIMIZATION_LEVEL = "-Onone";
				SWIFT_VERSION = 5.0;
				TARGETED_DEVICE_FAMILY = "1,2";
				VERSIONING_SYSTEM = "apple-generic";
				VERSION_INFO_PREFIX = "";
			};
			name = Debug;
		};
		449EAB522A3B603A00571E8E /* Release */ = {
			isa = XCBuildConfiguration;
			buildSettings = {
				CLANG_ENABLE_MODULES = YES;
				CODE_SIGN_STYLE = Automatic;
				CURRENT_PROJECT_VERSION = 1;
				DEFINES_MODULE = YES;
				DEVELOPMENT_TEAM = 87TNJ5KVNP;
				DYLIB_COMPATIBILITY_VERSION = 1;
				DYLIB_CURRENT_VERSION = 1;
				DYLIB_INSTALL_NAME_BASE = "@rpath";
				ENABLE_MODULE_VERIFIER = YES;
				GENERATE_INFOPLIST_FILE = YES;
				INFOPLIST_KEY_NSHumanReadableCopyright = "";
				INSTALL_PATH = "$(LOCAL_LIBRARY_DIR)/Frameworks";
				LD_RUNPATH_SEARCH_PATHS = (
					"$(inherited)",
					"@executable_path/Frameworks",
					"@loader_path/Frameworks",
				);
				MARKETING_VERSION = 1.0;
				MODULE_VERIFIER_SUPPORTED_LANGUAGES = "objective-c objective-c++";
				MODULE_VERIFIER_SUPPORTED_LANGUAGE_STANDARDS = "gnu11 gnu++20";
				PRODUCT_BUNDLE_IDENTIFIER = com.luuvan.RecipeSearching;
				PRODUCT_NAME = "$(TARGET_NAME:c99extidentifier)";
				SKIP_INSTALL = YES;
				SWIFT_EMIT_LOC_STRINGS = YES;
				SWIFT_VERSION = 5.0;
				TARGETED_DEVICE_FAMILY = "1,2";
				VERSIONING_SYSTEM = "apple-generic";
				VERSION_INFO_PREFIX = "";
			};
			name = Release;
		};
		449EAB752A3B634100571E8E /* Debug */ = {
			isa = XCBuildConfiguration;
			buildSettings = {
				CODE_SIGN_STYLE = Automatic;
				CURRENT_PROJECT_VERSION = 1;
				DEFINES_MODULE = YES;
				DEVELOPMENT_TEAM = 87TNJ5KVNP;
				DYLIB_COMPATIBILITY_VERSION = 1;
				DYLIB_CURRENT_VERSION = 1;
				DYLIB_INSTALL_NAME_BASE = "@rpath";
				ENABLE_MODULE_VERIFIER = YES;
				GENERATE_INFOPLIST_FILE = YES;
				INFOPLIST_KEY_NSHumanReadableCopyright = "";
				INSTALL_PATH = "$(LOCAL_LIBRARY_DIR)/Frameworks";
				LD_RUNPATH_SEARCH_PATHS = (
					"$(inherited)",
					"@executable_path/Frameworks",
					"@loader_path/Frameworks",
				);
				MARKETING_VERSION = 1.0;
				MODULE_VERIFIER_SUPPORTED_LANGUAGES = "objective-c objective-c++";
				MODULE_VERIFIER_SUPPORTED_LANGUAGE_STANDARDS = "gnu11 gnu++20";
				PRODUCT_BUNDLE_IDENTIFIER = com.luuvan.SharedUI;
				PRODUCT_NAME = "$(TARGET_NAME:c99extidentifier)";
				SKIP_INSTALL = YES;
				SWIFT_EMIT_LOC_STRINGS = YES;
				SWIFT_VERSION = 5.0;
				TARGETED_DEVICE_FAMILY = "1,2";
				VERSIONING_SYSTEM = "apple-generic";
				VERSION_INFO_PREFIX = "";
			};
			name = Debug;
		};
		449EAB762A3B634100571E8E /* Release */ = {
			isa = XCBuildConfiguration;
			buildSettings = {
				CODE_SIGN_STYLE = Automatic;
				CURRENT_PROJECT_VERSION = 1;
				DEFINES_MODULE = YES;
				DEVELOPMENT_TEAM = 87TNJ5KVNP;
				DYLIB_COMPATIBILITY_VERSION = 1;
				DYLIB_CURRENT_VERSION = 1;
				DYLIB_INSTALL_NAME_BASE = "@rpath";
				ENABLE_MODULE_VERIFIER = YES;
				GENERATE_INFOPLIST_FILE = YES;
				INFOPLIST_KEY_NSHumanReadableCopyright = "";
				INSTALL_PATH = "$(LOCAL_LIBRARY_DIR)/Frameworks";
				LD_RUNPATH_SEARCH_PATHS = (
					"$(inherited)",
					"@executable_path/Frameworks",
					"@loader_path/Frameworks",
				);
				MARKETING_VERSION = 1.0;
				MODULE_VERIFIER_SUPPORTED_LANGUAGES = "objective-c objective-c++";
				MODULE_VERIFIER_SUPPORTED_LANGUAGE_STANDARDS = "gnu11 gnu++20";
				PRODUCT_BUNDLE_IDENTIFIER = com.luuvan.SharedUI;
				PRODUCT_NAME = "$(TARGET_NAME:c99extidentifier)";
				SKIP_INSTALL = YES;
				SWIFT_EMIT_LOC_STRINGS = YES;
				SWIFT_VERSION = 5.0;
				TARGETED_DEVICE_FAMILY = "1,2";
				VERSIONING_SYSTEM = "apple-generic";
				VERSION_INFO_PREFIX = "";
			};
			name = Release;
		};
		449EAB812A3B635000571E8E /* Debug */ = {
			isa = XCBuildConfiguration;
			buildSettings = {
				CODE_SIGN_STYLE = Automatic;
				CURRENT_PROJECT_VERSION = 1;
				DEFINES_MODULE = YES;
				DEVELOPMENT_TEAM = 87TNJ5KVNP;
				DYLIB_COMPATIBILITY_VERSION = 1;
				DYLIB_CURRENT_VERSION = 1;
				DYLIB_INSTALL_NAME_BASE = "@rpath";
				ENABLE_MODULE_VERIFIER = YES;
				GENERATE_INFOPLIST_FILE = YES;
				INFOPLIST_KEY_NSHumanReadableCopyright = "";
				INSTALL_PATH = "$(LOCAL_LIBRARY_DIR)/Frameworks";
				LD_RUNPATH_SEARCH_PATHS = (
					"$(inherited)",
					"@executable_path/Frameworks",
					"@loader_path/Frameworks",
				);
				MARKETING_VERSION = 1.0;
				MODULE_VERIFIER_SUPPORTED_LANGUAGES = "objective-c objective-c++";
				MODULE_VERIFIER_SUPPORTED_LANGUAGE_STANDARDS = "gnu11 gnu++20";
				PRODUCT_BUNDLE_IDENTIFIER = com.luuvan.SharedNetwork;
				PRODUCT_NAME = "$(TARGET_NAME:c99extidentifier)";
				SKIP_INSTALL = YES;
				SWIFT_EMIT_LOC_STRINGS = YES;
				SWIFT_VERSION = 5.0;
				TARGETED_DEVICE_FAMILY = "1,2";
				VERSIONING_SYSTEM = "apple-generic";
				VERSION_INFO_PREFIX = "";
			};
			name = Debug;
		};
		449EAB822A3B635000571E8E /* Release */ = {
			isa = XCBuildConfiguration;
			buildSettings = {
				CODE_SIGN_STYLE = Automatic;
				CURRENT_PROJECT_VERSION = 1;
				DEFINES_MODULE = YES;
				DEVELOPMENT_TEAM = 87TNJ5KVNP;
				DYLIB_COMPATIBILITY_VERSION = 1;
				DYLIB_CURRENT_VERSION = 1;
				DYLIB_INSTALL_NAME_BASE = "@rpath";
				ENABLE_MODULE_VERIFIER = YES;
				GENERATE_INFOPLIST_FILE = YES;
				INFOPLIST_KEY_NSHumanReadableCopyright = "";
				INSTALL_PATH = "$(LOCAL_LIBRARY_DIR)/Frameworks";
				LD_RUNPATH_SEARCH_PATHS = (
					"$(inherited)",
					"@executable_path/Frameworks",
					"@loader_path/Frameworks",
				);
				MARKETING_VERSION = 1.0;
				MODULE_VERIFIER_SUPPORTED_LANGUAGES = "objective-c objective-c++";
				MODULE_VERIFIER_SUPPORTED_LANGUAGE_STANDARDS = "gnu11 gnu++20";
				PRODUCT_BUNDLE_IDENTIFIER = com.luuvan.SharedNetwork;
				PRODUCT_NAME = "$(TARGET_NAME:c99extidentifier)";
				SKIP_INSTALL = YES;
				SWIFT_EMIT_LOC_STRINGS = YES;
				SWIFT_VERSION = 5.0;
				TARGETED_DEVICE_FAMILY = "1,2";
				VERSIONING_SYSTEM = "apple-generic";
				VERSION_INFO_PREFIX = "";
			};
			name = Release;
		};
		449EABB02A3D5EAC00571E8E /* Debug */ = {
			isa = XCBuildConfiguration;
			buildSettings = {
				CLANG_ENABLE_MODULES = YES;
				CODE_SIGN_STYLE = Automatic;
				CURRENT_PROJECT_VERSION = 1;
				DEVELOPMENT_TEAM = 87TNJ5KVNP;
				GENERATE_INFOPLIST_FILE = YES;
				MARKETING_VERSION = 1.0;
				PRODUCT_BUNDLE_IDENTIFIER = com.luuvan.RecipeSearchingTests;
				PRODUCT_NAME = "$(TARGET_NAME)";
				SWIFT_EMIT_LOC_STRINGS = NO;
				SWIFT_OBJC_BRIDGING_HEADER = "RecipeSearching/RecipeSearchingTests/RecipeSearchingTests-Bridging-Header.h";
				SWIFT_OPTIMIZATION_LEVEL = "-Onone";
				SWIFT_VERSION = 5.0;
				TARGETED_DEVICE_FAMILY = "1,2";
			};
			name = Debug;
		};
		449EABB12A3D5EAC00571E8E /* Release */ = {
			isa = XCBuildConfiguration;
			buildSettings = {
				CLANG_ENABLE_MODULES = YES;
				CODE_SIGN_STYLE = Automatic;
				CURRENT_PROJECT_VERSION = 1;
				DEVELOPMENT_TEAM = 87TNJ5KVNP;
				GENERATE_INFOPLIST_FILE = YES;
				MARKETING_VERSION = 1.0;
				PRODUCT_BUNDLE_IDENTIFIER = com.luuvan.RecipeSearchingTests;
				PRODUCT_NAME = "$(TARGET_NAME)";
				SWIFT_EMIT_LOC_STRINGS = NO;
				SWIFT_OBJC_BRIDGING_HEADER = "RecipeSearching/RecipeSearchingTests/RecipeSearchingTests-Bridging-Header.h";
				SWIFT_VERSION = 5.0;
				TARGETED_DEVICE_FAMILY = "1,2";
			};
			name = Release;
		};
/* End XCBuildConfiguration section */

/* Begin XCConfigurationList section */
		449EAB1B2A3B5CFA00571E8E /* Build configuration list for PBXProject "LetsCook" */ = {
			isa = XCConfigurationList;
			buildConfigurations = (
				449EAB2C2A3B5CFC00571E8E /* Debug */,
				449EAB2D2A3B5CFC00571E8E /* Release */,
			);
			defaultConfigurationIsVisible = 0;
			defaultConfigurationName = Release;
		};
		449EAB2E2A3B5CFC00571E8E /* Build configuration list for PBXNativeTarget "LetsCook" */ = {
			isa = XCConfigurationList;
			buildConfigurations = (
				449EAB2F2A3B5CFC00571E8E /* Debug */,
				449EAB302A3B5CFC00571E8E /* Release */,
			);
			defaultConfigurationIsVisible = 0;
			defaultConfigurationName = Release;
		};
		449EAB502A3B603A00571E8E /* Build configuration list for PBXNativeTarget "RecipeSearching" */ = {
			isa = XCConfigurationList;
			buildConfigurations = (
				449EAB512A3B603A00571E8E /* Debug */,
				449EAB522A3B603A00571E8E /* Release */,
			);
			defaultConfigurationIsVisible = 0;
			defaultConfigurationName = Release;
		};
		449EAB742A3B634100571E8E /* Build configuration list for PBXNativeTarget "SharedUI" */ = {
			isa = XCConfigurationList;
			buildConfigurations = (
				449EAB752A3B634100571E8E /* Debug */,
				449EAB762A3B634100571E8E /* Release */,
			);
			defaultConfigurationIsVisible = 0;
			defaultConfigurationName = Release;
		};
		449EAB802A3B635000571E8E /* Build configuration list for PBXNativeTarget "SharedNetwork" */ = {
			isa = XCConfigurationList;
			buildConfigurations = (
				449EAB812A3B635000571E8E /* Debug */,
				449EAB822A3B635000571E8E /* Release */,
			);
			defaultConfigurationIsVisible = 0;
			defaultConfigurationName = Release;
		};
		449EABAF2A3D5EAC00571E8E /* Build configuration list for PBXNativeTarget "RecipeSearchingTests" */ = {
			isa = XCConfigurationList;
			buildConfigurations = (
				449EABB02A3D5EAC00571E8E /* Debug */,
				449EABB12A3D5EAC00571E8E /* Release */,
			);
			defaultConfigurationIsVisible = 0;
			defaultConfigurationName = Release;
		};
/* End XCConfigurationList section */

/* Begin XCRemoteSwiftPackageReference section */
		449EAB902A3D029300571E8E /* XCRemoteSwiftPackageReference "SwiftLint" */ = {
			isa = XCRemoteSwiftPackageReference;
			repositoryURL = "https://github.com/realm/SwiftLint.git";
			requirement = {
				kind = upToNextMajorVersion;
				minimumVersion = 0.52.2;
			};
		};
		449EAB9F2A3D5E4F00571E8E /* XCRemoteSwiftPackageReference "swift-dependencies" */ = {
			isa = XCRemoteSwiftPackageReference;
			repositoryURL = "https://github.com/pointfreeco/swift-dependencies";
			requirement = {
				kind = upToNextMajorVersion;
				minimumVersion = 0.5.1;
			};
		};
/* End XCRemoteSwiftPackageReference section */

/* Begin XCSwiftPackageProductDependency section */
		449EABA02A3D5E4F00571E8E /* Dependencies */ = {
			isa = XCSwiftPackageProductDependency;
			package = 449EAB9F2A3D5E4F00571E8E /* XCRemoteSwiftPackageReference "swift-dependencies" */;
			productName = Dependencies;
		};
		449EABA22A3D5E8B00571E8E /* Dependencies */ = {
			isa = XCSwiftPackageProductDependency;
			package = 449EAB9F2A3D5E4F00571E8E /* XCRemoteSwiftPackageReference "swift-dependencies" */;
			productName = Dependencies;
		};
/* End XCSwiftPackageProductDependency section */
	};
	rootObject = 449EAB182A3B5CFA00571E8E /* Project object */;
}
